github.com/go-gst/go-glib v1.0.0 h1:/Gl3lk3M3MmWoSEtOyH3bpUxMUvO1gUL35A2drbr/K0=
github.com/go-gst/go-glib v1.0.0/go.mod h1:7Ehl6klsMBT94bf+Bic9qRyEkXARhhqpiZnU2PXeO6I=
github.com/go-gst/go-gst v1.0.0 h1:YBzE3JVZvbrnWWb/iGCXuiaOvHQ7HW+xXUBR++EgEtQ=
github.com/go-gst/go-gst v1.0.0/go.mod h1:sQMWMnR98s2B4w52e4IXyGvz75rXV8CZ1bejdPT3KIs=
github.com/mattn/go-pointer v0.0.1 h1:n+XhsuGeVO6MEAp7xyEukFINEa+Quek5psIR/ylA6o0=
github.com/mattn/go-pointer v0.0.1/go.mod h1:2zXcozF6qYGgmsG+SeTZz3oAbFLdD3OWqnUbNvJZAlc=
github.com/pebbe/zmq4 v1.2.11 h1:Ua5mgIaZeabUGnH7tqswkUcjkL7JYGai5e8v4hpEU9Q=
github.com/pebbe/zmq4 v1.2.11/go.mod h1:nqnPueOapVhE2wItZ0uOErngczsJdLOGkebMxaO8r48=
